
Microsoft Visual Studio Solution File, Format Version 12.00
# Visual Studio 15
VisualStudioVersion = 15.0.27428.2037
MinimumVisualStudioVersion = 10.0.40219.1
Project("{9A19103F-16F7-4668-BE54-9A1E7A4F7556}") = "IntermediatorBotSample", "IntermediatorBotSample\IntermediatorBotSample.csproj", "{C5442A0C-E1AB-4237-B069-097A470AF818}"
EndProject
Global
	GlobalSection(SolutionConfigurationPlatforms) = preSolution
		Debug|Any CPU = Debug|Any CPU
		Release|Any CPU = Release|Any CPU
	EndGlobalSection
	GlobalSection(ProjectConfigurationPlatforms) = postSolution
		{C5442A0C-E1AB-4237-B069-097A470AF818}.Debug|Any CPU.ActiveCfg = Debug|Any CPU
		{C5442A0C-E1AB-4237-B069-097A470AF818}.Debug|Any CPU.Build.0 = Debug|Any CPU
		{C5442A0C-E1AB-4237-B069-097A470AF818}.Release|Any CPU.ActiveCfg = Release|Any CPU
		{C5442A0C-E1AB-4237-B069-097A470AF818}.Release|Any CPU.Build.0 = Release|Any CPU
	EndGlobalSection
	GlobalSection(SolutionProperties) = preSolution
		HideSolutionNode = FALSE
	EndGlobalSection
	GlobalSection(ExtensibilityGlobals) = postSolution
		SolutionGuid = {4EAC083F-2C41-4CBF-895D-24097084BDA7}
	EndGlobalSection
EndGlobal
